
Microsoft Visual Studio Solution File, Format Version 12.00
# Visual Studio Version 16
VisualStudioVersion = 16.0.29519.87
MinimumVisualStudioVersion = 10.0.40219.1
Project("{FAE04EC0-301F-11D3-BF4B-00C04F79EFBC}") = "Ex- 02 HelloWorldWithCli", "Ex- 02 HelloWorldWithCli\Ex- 02 HelloWorldWithCli.csproj", "{B35B2638-B546-44CE-8F0D-FF0843F2A76F}"
EndProject
Global
	GlobalSection(SolutionConfigurationPlatforms) = preSolution
		Debug|Any CPU = Debug|Any CPU
		Release|Any CPU = Release|Any CPU
	EndGlobalSection
	GlobalSection(ProjectConfigurationPlatforms) = postSolution
		{B35B2638-B546-44CE-8F0D-FF0843F2A76F}.Debug|Any CPU.ActiveCfg = Debug|Any CPU
		{B35B2638-B546-44CE-8F0D-FF0843F2A76F}.Debug|Any CPU.Build.0 = Debug|Any CPU
		{B35B2638-B546-44CE-8F0D-FF0843F2A76F}.Release|Any CPU.ActiveCfg = Release|Any CPU
		{B35B2638-B546-44CE-8F0D-FF0843F2A76F}.Release|Any CPU.Build.0 = Release|Any CPU
	EndGlobalSection
	GlobalSection(SolutionProperties) = preSolution
		HideSolutionNode = FALSE
	EndGlobalSection
	GlobalSection(ExtensibilityGlobals) = postSolution
		SolutionGuid = {F17FE9F4-8768-4674-AC8B-FF5A3F651135}
	EndGlobalSection
EndGlobal
